// !$*UTF8*$!
{
	archiveVersion = 1;
	classes = {
	};
	objectVersion = 51;
	objects = {

/* Begin PBXBuildFile section */
		27EB3554C30F4856A4EAC53B /* Pods_nextap_jelinek.framework in Frameworks */ = {isa = PBXBuildFile; fileRef = F233634F0E4952B2F196BDDC /* Pods_nextap_jelinek.framework */; };
		432FC0CD25332BC7000574CF /* FeedVerticalCell.swift in Sources */ = {isa = PBXBuildFile; fileRef = 432FC0CC25332BC7000574CF /* FeedVerticalCell.swift */; };
		432FC0DA25333D7B000574CF /* UIImageView+Extension.swift in Sources */ = {isa = PBXBuildFile; fileRef = 432FC0D925333D7B000574CF /* UIImageView+Extension.swift */; };
		432FC0E625334E7A000574CF /* GradientView.swift in Sources */ = {isa = PBXBuildFile; fileRef = 432FC0E525334E7A000574CF /* GradientView.swift */; };
		43520F80253056110014D1E9 /* AppDelegate.swift in Sources */ = {isa = PBXBuildFile; fileRef = 43520F7F253056110014D1E9 /* AppDelegate.swift */; };
		43520F84253056110014D1E9 /* FeedViewController.swift in Sources */ = {isa = PBXBuildFile; fileRef = 43520F83253056110014D1E9 /* FeedViewController.swift */; };
		43520F89253056120014D1E9 /* Assets.xcassets in Resources */ = {isa = PBXBuildFile; fileRef = 43520F88253056120014D1E9 /* Assets.xcassets */; };
		43520F8C253056120014D1E9 /* LaunchScreen.storyboard in Resources */ = {isa = PBXBuildFile; fileRef = 43520F8A253056120014D1E9 /* LaunchScreen.storyboard */; };
		43520F97253056130014D1E9 /* nextap_jelinekTests.swift in Sources */ = {isa = PBXBuildFile; fileRef = 43520F96253056130014D1E9 /* nextap_jelinekTests.swift */; };
		43520FA2253056130014D1E9 /* nextap_jelinekUITests.swift in Sources */ = {isa = PBXBuildFile; fileRef = 43520FA1253056130014D1E9 /* nextap_jelinekUITests.swift */; };
		43520FBB253057150014D1E9 /* AppCoordinator.swift in Sources */ = {isa = PBXBuildFile; fileRef = 43520FBA253057150014D1E9 /* AppCoordinator.swift */; };
		43520FC0253057320014D1E9 /* CoordinatorProtocol.swift in Sources */ = {isa = PBXBuildFile; fileRef = 43520FBF253057320014D1E9 /* CoordinatorProtocol.swift */; };
		43520FCA253057590014D1E9 /* TypeAliases.swift in Sources */ = {isa = PBXBuildFile; fileRef = 43520FC9253057590014D1E9 /* TypeAliases.swift */; };
		43520FDC253057AA0014D1E9 /* Localizable.strings in Resources */ = {isa = PBXBuildFile; fileRef = 43520FDE253057AA0014D1E9 /* Localizable.strings */; };
		43520FE3253057F60014D1E9 /* FeedCoordinator.swift in Sources */ = {isa = PBXBuildFile; fileRef = 43520FE2253057F60014D1E9 /* FeedCoordinator.swift */; };
		4352101925307A980014D1E9 /* GetStoriesRequest.swift in Sources */ = {isa = PBXBuildFile; fileRef = 4352101825307A980014D1E9 /* GetStoriesRequest.swift */; };
		4352102225307CE80014D1E9 /* Story.swift in Sources */ = {isa = PBXBuildFile; fileRef = 4352102125307CE80014D1E9 /* Story.swift */; };
		43521095253088200014D1E9 /* StoriesDataSource.swift in Sources */ = {isa = PBXBuildFile; fileRef = 43521094253088200014D1E9 /* StoriesDataSource.swift */; };
		435210FE253094770014D1E9 /* FeedViewModel.swift in Sources */ = {isa = PBXBuildFile; fileRef = 435210FD253094770014D1E9 /* FeedViewModel.swift */; };
		435211432530ABCC0014D1E9 /* Feed.storyboard in Resources */ = {isa = PBXBuildFile; fileRef = 435211422530ABCC0014D1E9 /* Feed.storyboard */; };
/* End PBXBuildFile section */

/* Begin PBXContainerItemProxy section */
		43520F93253056130014D1E9 /* PBXContainerItemProxy */ = {
			isa = PBXContainerItemProxy;
			containerPortal = 43520F74253056110014D1E9 /* Project object */;
			proxyType = 1;
			remoteGlobalIDString = 43520F7B253056110014D1E9;
			remoteInfo = "nextap-jelinek";
		};
		43520F9E253056130014D1E9 /* PBXContainerItemProxy */ = {
			isa = PBXContainerItemProxy;
			containerPortal = 43520F74253056110014D1E9 /* Project object */;
			proxyType = 1;
			remoteGlobalIDString = 43520F7B253056110014D1E9;
			remoteInfo = "nextap-jelinek";
		};
/* End PBXContainerItemProxy section */

/* Begin PBXFileReference section */
		027DC94509CD8AEBCF5C4B56 /* Pods-nextap-jelinek.release.xcconfig */ = {isa = PBXFileReference; includeInIndex = 1; lastKnownFileType = text.xcconfig; name = "Pods-nextap-jelinek.release.xcconfig"; path = "Target Support Files/Pods-nextap-jelinek/Pods-nextap-jelinek.release.xcconfig"; sourceTree = "<group>"; };
		432FC0CC25332BC7000574CF /* FeedVerticalCell.swift */ = {isa = PBXFileReference; lastKnownFileType = sourcecode.swift; path = FeedVerticalCell.swift; sourceTree = "<group>"; };
		432FC0D925333D7B000574CF /* UIImageView+Extension.swift */ = {isa = PBXFileReference; lastKnownFileType = sourcecode.swift; path = "UIImageView+Extension.swift"; sourceTree = "<group>"; };
		432FC0E525334E7A000574CF /* GradientView.swift */ = {isa = PBXFileReference; lastKnownFileType = sourcecode.swift; path = GradientView.swift; sourceTree = "<group>"; };
		43520F7C253056110014D1E9 /* nextap-jelinek.app */ = {isa = PBXFileReference; explicitFileType = wrapper.application; includeInIndex = 0; path = "nextap-jelinek.app"; sourceTree = BUILT_PRODUCTS_DIR; };
		43520F7F253056110014D1E9 /* AppDelegate.swift */ = {isa = PBXFileReference; lastKnownFileType = sourcecode.swift; path = AppDelegate.swift; sourceTree = "<group>"; };
		43520F83253056110014D1E9 /* FeedViewController.swift */ = {isa = PBXFileReference; lastKnownFileType = sourcecode.swift; path = FeedViewController.swift; sourceTree = "<group>"; };
		43520F88253056120014D1E9 /* Assets.xcassets */ = {isa = PBXFileReference; lastKnownFileType = folder.assetcatalog; path = Assets.xcassets; sourceTree = "<group>"; };
		43520F8B253056120014D1E9 /* Base */ = {isa = PBXFileReference; lastKnownFileType = file.storyboard; name = Base; path = Base.lproj/LaunchScreen.storyboard; sourceTree = "<group>"; };
		43520F8D253056120014D1E9 /* Info.plist */ = {isa = PBXFileReference; lastKnownFileType = text.plist.xml; path = Info.plist; sourceTree = "<group>"; };
		43520F92253056130014D1E9 /* nextap-jelinekTests.xctest */ = {isa = PBXFileReference; explicitFileType = wrapper.cfbundle; includeInIndex = 0; path = "nextap-jelinekTests.xctest"; sourceTree = BUILT_PRODUCTS_DIR; };
		43520F96253056130014D1E9 /* nextap_jelinekTests.swift */ = {isa = PBXFileReference; lastKnownFileType = sourcecode.swift; path = nextap_jelinekTests.swift; sourceTree = "<group>"; };
		43520F98253056130014D1E9 /* Info.plist */ = {isa = PBXFileReference; lastKnownFileType = text.plist.xml; path = Info.plist; sourceTree = "<group>"; };
		43520F9D253056130014D1E9 /* nextap-jelinekUITests.xctest */ = {isa = PBXFileReference; explicitFileType = wrapper.cfbundle; includeInIndex = 0; path = "nextap-jelinekUITests.xctest"; sourceTree = BUILT_PRODUCTS_DIR; };
		43520FA1253056130014D1E9 /* nextap_jelinekUITests.swift */ = {isa = PBXFileReference; lastKnownFileType = sourcecode.swift; path = nextap_jelinekUITests.swift; sourceTree = "<group>"; };
		43520FA3253056130014D1E9 /* Info.plist */ = {isa = PBXFileReference; lastKnownFileType = text.plist.xml; path = Info.plist; sourceTree = "<group>"; };
		43520FBA253057150014D1E9 /* AppCoordinator.swift */ = {isa = PBXFileReference; lastKnownFileType = sourcecode.swift; path = AppCoordinator.swift; sourceTree = "<group>"; };
		43520FBF253057320014D1E9 /* CoordinatorProtocol.swift */ = {isa = PBXFileReference; lastKnownFileType = sourcecode.swift; path = CoordinatorProtocol.swift; sourceTree = "<group>"; };
		43520FC9253057590014D1E9 /* TypeAliases.swift */ = {isa = PBXFileReference; lastKnownFileType = sourcecode.swift; path = TypeAliases.swift; sourceTree = "<group>"; };
		43520FDD253057AA0014D1E9 /* en */ = {isa = PBXFileReference; lastKnownFileType = text.plist.strings; name = en; path = en.lproj/Localizable.strings; sourceTree = "<group>"; };
		43520FE2253057F60014D1E9 /* FeedCoordinator.swift */ = {isa = PBXFileReference; lastKnownFileType = sourcecode.swift; path = FeedCoordinator.swift; sourceTree = "<group>"; };
		43520FF025305B6C0014D1E9 /* cs */ = {isa = PBXFileReference; lastKnownFileType = text.plist.strings; name = cs; path = cs.lproj/Localizable.strings; sourceTree = "<group>"; };
		4352101825307A980014D1E9 /* GetStoriesRequest.swift */ = {isa = PBXFileReference; lastKnownFileType = sourcecode.swift; path = GetStoriesRequest.swift; sourceTree = "<group>"; };
		4352102125307CE80014D1E9 /* Story.swift */ = {isa = PBXFileReference; lastKnownFileType = sourcecode.swift; path = Story.swift; sourceTree = "<group>"; };
		43521094253088200014D1E9 /* StoriesDataSource.swift */ = {isa = PBXFileReference; lastKnownFileType = sourcecode.swift; path = StoriesDataSource.swift; sourceTree = "<group>"; };
		435210FD253094770014D1E9 /* FeedViewModel.swift */ = {isa = PBXFileReference; lastKnownFileType = sourcecode.swift; path = FeedViewModel.swift; sourceTree = "<group>"; };
		435211422530ABCC0014D1E9 /* Feed.storyboard */ = {isa = PBXFileReference; lastKnownFileType = file.storyboard; path = Feed.storyboard; sourceTree = "<group>"; };
		673D96415BC8C0DE7C484E89 /* Pods-nextap-jelinek.debug.xcconfig */ = {isa = PBXFileReference; includeInIndex = 1; lastKnownFileType = text.xcconfig; name = "Pods-nextap-jelinek.debug.xcconfig"; path = "Target Support Files/Pods-nextap-jelinek/Pods-nextap-jelinek.debug.xcconfig"; sourceTree = "<group>"; };
		F233634F0E4952B2F196BDDC /* Pods_nextap_jelinek.framework */ = {isa = PBXFileReference; explicitFileType = wrapper.framework; includeInIndex = 0; path = Pods_nextap_jelinek.framework; sourceTree = BUILT_PRODUCTS_DIR; };
/* End PBXFileReference section */

/* Begin PBXFrameworksBuildPhase section */
		43520F79253056110014D1E9 /* Frameworks */ = {
			isa = PBXFrameworksBuildPhase;
			buildActionMask = 2147483647;
			files = (
				27EB3554C30F4856A4EAC53B /* Pods_nextap_jelinek.framework in Frameworks */,
			);
			runOnlyForDeploymentPostprocessing = 0;
		};
		43520F8F253056130014D1E9 /* Frameworks */ = {
			isa = PBXFrameworksBuildPhase;
			buildActionMask = 2147483647;
			files = (
			);
			runOnlyForDeploymentPostprocessing = 0;
		};
		43520F9A253056130014D1E9 /* Frameworks */ = {
			isa = PBXFrameworksBuildPhase;
			buildActionMask = 2147483647;
			files = (
			);
			runOnlyForDeploymentPostprocessing = 0;
		};
/* End PBXFrameworksBuildPhase section */

/* Begin PBXGroup section */
		432FC0D825333D62000574CF /* Extensions */ = {
			isa = PBXGroup;
			children = (
				432FC0D925333D7B000574CF /* UIImageView+Extension.swift */,
			);
			path = Extensions;
			sourceTree = "<group>";
		};
		432FC0E425334E67000574CF /* Library */ = {
			isa = PBXGroup;
			children = (
				432FC0E525334E7A000574CF /* GradientView.swift */,
			);
			path = Library;
			sourceTree = "<group>";
		};
		43520F73253056110014D1E9 = {
			isa = PBXGroup;
			children = (
				43520F7E253056110014D1E9 /* nextap-jelinek */,
				43520F95253056130014D1E9 /* nextap-jelinekTests */,
				43520FA0253056130014D1E9 /* nextap-jelinekUITests */,
				43520F7D253056110014D1E9 /* Products */,
				6F2F25EB73622CF0B6833027 /* Pods */,
				FF158B2445C34D4A0BA2C5BB /* Frameworks */,
			);
			sourceTree = "<group>";
		};
		43520F7D253056110014D1E9 /* Products */ = {
			isa = PBXGroup;
			children = (
				43520F7C253056110014D1E9 /* nextap-jelinek.app */,
				43520F92253056130014D1E9 /* nextap-jelinekTests.xctest */,
				43520F9D253056130014D1E9 /* nextap-jelinekUITests.xctest */,
			);
			name = Products;
			sourceTree = "<group>";
		};
		43520F7E253056110014D1E9 /* nextap-jelinek */ = {
			isa = PBXGroup;
			children = (
				43520FB4253056530014D1E9 /* Application */,
				43520FB5253056690014D1E9 /* Stories Feed  */,
				4352102025307CBE0014D1E9 /* Data Source */,
				432FC0E425334E67000574CF /* Library */,
				432FC0D825333D62000574CF /* Extensions */,
				43520FB62530568B0014D1E9 /* Resources */,
			);
			path = "nextap-jelinek";
			sourceTree = "<group>";
		};
		43520F95253056130014D1E9 /* nextap-jelinekTests */ = {
			isa = PBXGroup;
			children = (
				43520F96253056130014D1E9 /* nextap_jelinekTests.swift */,
				43520F98253056130014D1E9 /* Info.plist */,
			);
			path = "nextap-jelinekTests";
			sourceTree = "<group>";
		};
		43520FA0253056130014D1E9 /* nextap-jelinekUITests */ = {
			isa = PBXGroup;
			children = (
				43520FA1253056130014D1E9 /* nextap_jelinekUITests.swift */,
				43520FA3253056130014D1E9 /* Info.plist */,
			);
			path = "nextap-jelinekUITests";
			sourceTree = "<group>";
		};
		43520FB4253056530014D1E9 /* Application */ = {
			isa = PBXGroup;
			children = (
				43520F7F253056110014D1E9 /* AppDelegate.swift */,
				43520FBA253057150014D1E9 /* AppCoordinator.swift */,
				43520FBF253057320014D1E9 /* CoordinatorProtocol.swift */,
				43520FC9253057590014D1E9 /* TypeAliases.swift */,
			);
			path = Application;
			sourceTree = "<group>";
		};
		43520FB5253056690014D1E9 /* Stories Feed  */ = {
			isa = PBXGroup;
			children = (
				43520FE2253057F60014D1E9 /* FeedCoordinator.swift */,
				4352100B253079950014D1E9 /* Feed Screen */,
			);
			path = "Stories Feed ";
			sourceTree = "<group>";
		};
		43520FB62530568B0014D1E9 /* Resources */ = {
			isa = PBXGroup;
			children = (
				43520FDE253057AA0014D1E9 /* Localizable.strings */,
				43520F88253056120014D1E9 /* Assets.xcassets */,
				43520F8A253056120014D1E9 /* LaunchScreen.storyboard */,
				43520F8D253056120014D1E9 /* Info.plist */,
			);
			path = Resources;
			sourceTree = "<group>";
		};
		4352100B253079950014D1E9 /* Feed Screen */ = {
			isa = PBXGroup;
			children = (
				435210FD253094770014D1E9 /* FeedViewModel.swift */,
				43520F83253056110014D1E9 /* FeedViewController.swift */,
				432FC0CC25332BC7000574CF /* FeedVerticalCell.swift */,
				435211422530ABCC0014D1E9 /* Feed.storyboard */,
			);
			path = "Feed Screen";
			sourceTree = "<group>";
		};
		4352102025307CBE0014D1E9 /* Data Source */ = {
			isa = PBXGroup;
			children = (
				43521094253088200014D1E9 /* StoriesDataSource.swift */,
				4352101825307A980014D1E9 /* GetStoriesRequest.swift */,
				4352102125307CE80014D1E9 /* Story.swift */,
			);
			path = "Data Source";
			sourceTree = "<group>";
		};
		6F2F25EB73622CF0B6833027 /* Pods */ = {
			isa = PBXGroup;
			children = (
				673D96415BC8C0DE7C484E89 /* Pods-nextap-jelinek.debug.xcconfig */,
				027DC94509CD8AEBCF5C4B56 /* Pods-nextap-jelinek.release.xcconfig */,
			);
			path = Pods;
			sourceTree = "<group>";
		};
		FF158B2445C34D4A0BA2C5BB /* Frameworks */ = {
			isa = PBXGroup;
			children = (
				F233634F0E4952B2F196BDDC /* Pods_nextap_jelinek.framework */,
			);
			name = Frameworks;
			sourceTree = "<group>";
		};
/* End PBXGroup section */

/* Begin PBXNativeTarget section */
		43520F7B253056110014D1E9 /* nextap-jelinek */ = {
			isa = PBXNativeTarget;
			buildConfigurationList = 43520FA6253056130014D1E9 /* Build configuration list for PBXNativeTarget "nextap-jelinek" */;
			buildPhases = (
				90D5CDBAB2E8414D5DD0FE48 /* [CP] Check Pods Manifest.lock */,
				43520F78253056110014D1E9 /* Sources */,
				43520F79253056110014D1E9 /* Frameworks */,
				43520F7A253056110014D1E9 /* Resources */,
				2F91CE74C0D97E395CBD9CA7 /* [CP] Embed Pods Frameworks */,
			);
			buildRules = (
			);
			dependencies = (
			);
			name = "nextap-jelinek";
			productName = "nextap-jelinek";
			productReference = 43520F7C253056110014D1E9 /* nextap-jelinek.app */;
			productType = "com.apple.product-type.application";
		};
		43520F91253056130014D1E9 /* nextap-jelinekTests */ = {
			isa = PBXNativeTarget;
			buildConfigurationList = 43520FA9253056130014D1E9 /* Build configuration list for PBXNativeTarget "nextap-jelinekTests" */;
			buildPhases = (
				43520F8E253056130014D1E9 /* Sources */,
				43520F8F253056130014D1E9 /* Frameworks */,
				43520F90253056130014D1E9 /* Resources */,
			);
			buildRules = (
			);
			dependencies = (
				43520F94253056130014D1E9 /* PBXTargetDependency */,
			);
			name = "nextap-jelinekTests";
			productName = "nextap-jelinekTests";
			productReference = 43520F92253056130014D1E9 /* nextap-jelinekTests.xctest */;
			productType = "com.apple.product-type.bundle.unit-test";
		};
		43520F9C253056130014D1E9 /* nextap-jelinekUITests */ = {
			isa = PBXNativeTarget;
			buildConfigurationList = 43520FAC253056130014D1E9 /* Build configuration list for PBXNativeTarget "nextap-jelinekUITests" */;
			buildPhases = (
				43520F99253056130014D1E9 /* Sources */,
				43520F9A253056130014D1E9 /* Frameworks */,
				43520F9B253056130014D1E9 /* Resources */,
			);
			buildRules = (
			);
			dependencies = (
				43520F9F253056130014D1E9 /* PBXTargetDependency */,
			);
			name = "nextap-jelinekUITests";
			productName = "nextap-jelinekUITests";
			productReference = 43520F9D253056130014D1E9 /* nextap-jelinekUITests.xctest */;
			productType = "com.apple.product-type.bundle.ui-testing";
		};
/* End PBXNativeTarget section */

/* Begin PBXProject section */
		43520F74253056110014D1E9 /* Project object */ = {
			isa = PBXProject;
			attributes = {
				LastSwiftUpdateCheck = 1200;
				LastUpgradeCheck = 1200;
				TargetAttributes = {
					43520F7B253056110014D1E9 = {
						CreatedOnToolsVersion = 12.0.1;
					};
					43520F91253056130014D1E9 = {
						CreatedOnToolsVersion = 12.0.1;
						TestTargetID = 43520F7B253056110014D1E9;
					};
					43520F9C253056130014D1E9 = {
						CreatedOnToolsVersion = 12.0.1;
						TestTargetID = 43520F7B253056110014D1E9;
					};
				};
			};
			buildConfigurationList = 43520F77253056110014D1E9 /* Build configuration list for PBXProject "nextap-jelinek" */;
			compatibilityVersion = "Xcode 9.3";
			developmentRegion = en;
			hasScannedForEncodings = 0;
			knownRegions = (
				en,
				Base,
				cs,
			);
			mainGroup = 43520F73253056110014D1E9;
			productRefGroup = 43520F7D253056110014D1E9 /* Products */;
			projectDirPath = "";
			projectRoot = "";
			targets = (
				43520F7B253056110014D1E9 /* nextap-jelinek */,
				43520F91253056130014D1E9 /* nextap-jelinekTests */,
				43520F9C253056130014D1E9 /* nextap-jelinekUITests */,
			);
		};
/* End PBXProject section */

/* Begin PBXResourcesBuildPhase section */
		43520F7A253056110014D1E9 /* Resources */ = {
			isa = PBXResourcesBuildPhase;
			buildActionMask = 2147483647;
			files = (
				435211432530ABCC0014D1E9 /* Feed.storyboard in Resources */,
				43520F8C253056120014D1E9 /* LaunchScreen.storyboard in Resources */,
				43520FDC253057AA0014D1E9 /* Localizable.strings in Resources */,
				43520F89253056120014D1E9 /* Assets.xcassets in Resources */,
			);
			runOnlyForDeploymentPostprocessing = 0;
		};
		43520F90253056130014D1E9 /* Resources */ = {
			isa = PBXResourcesBuildPhase;
			buildActionMask = 2147483647;
			files = (
			);
			runOnlyForDeploymentPostprocessing = 0;
		};
		43520F9B253056130014D1E9 /* Resources */ = {
			isa = PBXResourcesBuildPhase;
			buildActionMask = 2147483647;
			files = (
			);
			runOnlyForDeploymentPostprocessing = 0;
		};
/* End PBXResourcesBuildPhase section */

/* Begin PBXShellScriptBuildPhase section */
		2F91CE74C0D97E395CBD9CA7 /* [CP] Embed Pods Frameworks */ = {
			isa = PBXShellScriptBuildPhase;
			buildActionMask = 2147483647;
			files = (
			);
			inputFileListPaths = (
				"${PODS_ROOT}/Target Support Files/Pods-nextap-jelinek/Pods-nextap-jelinek-frameworks-${CONFIGURATION}-input-files.xcfilelist",
			);
			name = "[CP] Embed Pods Frameworks";
			outputFileListPaths = (
				"${PODS_ROOT}/Target Support Files/Pods-nextap-jelinek/Pods-nextap-jelinek-frameworks-${CONFIGURATION}-output-files.xcfilelist",
			);
			runOnlyForDeploymentPostprocessing = 0;
			shellPath = /bin/sh;
			shellScript = "\"${PODS_ROOT}/Target Support Files/Pods-nextap-jelinek/Pods-nextap-jelinek-frameworks.sh\"\n";
			showEnvVarsInLog = 0;
		};
		90D5CDBAB2E8414D5DD0FE48 /* [CP] Check Pods Manifest.lock */ = {
			isa = PBXShellScriptBuildPhase;
			buildActionMask = 2147483647;
			files = (
			);
			inputFileListPaths = (
			);
			inputPaths = (
				"${PODS_PODFILE_DIR_PATH}/Podfile.lock",
				"${PODS_ROOT}/Manifest.lock",
			);
			name = "[CP] Check Pods Manifest.lock";
			outputFileListPaths = (
			);
			outputPaths = (
				"$(DERIVED_FILE_DIR)/Pods-nextap-jelinek-checkManifestLockResult.txt",
			);
			runOnlyForDeploymentPostprocessing = 0;
			shellPath = /bin/sh;
			shellScript = "diff \"${PODS_PODFILE_DIR_PATH}/Podfile.lock\" \"${PODS_ROOT}/Manifest.lock\" > /dev/null\nif [ $? != 0 ] ; then\n    # print error to STDERR\n    echo \"error: The sandbox is not in sync with the Podfile.lock. Run 'pod install' or update your CocoaPods installation.\" >&2\n    exit 1\nfi\n# This output is used by Xcode 'outputs' to avoid re-running this script phase.\necho \"SUCCESS\" > \"${SCRIPT_OUTPUT_FILE_0}\"\n";
			showEnvVarsInLog = 0;
		};
/* End PBXShellScriptBuildPhase section */

/* Begin PBXSourcesBuildPhase section */
		43520F78253056110014D1E9 /* Sources */ = {
			isa = PBXSourcesBuildPhase;
			buildActionMask = 2147483647;
			files = (
				43520FCA253057590014D1E9 /* TypeAliases.swift in Sources */,
				43520FBB253057150014D1E9 /* AppCoordinator.swift in Sources */,
				43520F84253056110014D1E9 /* FeedViewController.swift in Sources */,
				43521095253088200014D1E9 /* StoriesDataSource.swift in Sources */,
				435210FE253094770014D1E9 /* FeedViewModel.swift in Sources */,
				432FC0CD25332BC7000574CF /* FeedVerticalCell.swift in Sources */,
				432FC0DA25333D7B000574CF /* UIImageView+Extension.swift in Sources */,
				4352101925307A980014D1E9 /* GetStoriesRequest.swift in Sources */,
				43520FC0253057320014D1E9 /* CoordinatorProtocol.swift in Sources */,
				43520F80253056110014D1E9 /* AppDelegate.swift in Sources */,
				432FC0E625334E7A000574CF /* GradientView.swift in Sources */,
				43520FE3253057F60014D1E9 /* FeedCoordinator.swift in Sources */,
				4352102225307CE80014D1E9 /* Story.swift in Sources */,
			);
			runOnlyForDeploymentPostprocessing = 0;
		};
		43520F8E253056130014D1E9 /* Sources */ = {
			isa = PBXSourcesBuildPhase;
			buildActionMask = 2147483647;
			files = (
				43520F97253056130014D1E9 /* nextap_jelinekTests.swift in Sources */,
			);
			runOnlyForDeploymentPostprocessing = 0;
		};
		43520F99253056130014D1E9 /* Sources */ = {
			isa = PBXSourcesBuildPhase;
			buildActionMask = 2147483647;
			files = (
				43520FA2253056130014D1E9 /* nextap_jelinekUITests.swift in Sources */,
			);
			runOnlyForDeploymentPostprocessing = 0;
		};
/* End PBXSourcesBuildPhase section */

/* Begin PBXTargetDependency section */
		43520F94253056130014D1E9 /* PBXTargetDependency */ = {
			isa = PBXTargetDependency;
			target = 43520F7B253056110014D1E9 /* nextap-jelinek */;
			targetProxy = 43520F93253056130014D1E9 /* PBXContainerItemProxy */;
		};
		43520F9F253056130014D1E9 /* PBXTargetDependency */ = {
			isa = PBXTargetDependency;
			target = 43520F7B253056110014D1E9 /* nextap-jelinek */;
			targetProxy = 43520F9E253056130014D1E9 /* PBXContainerItemProxy */;
		};
/* End PBXTargetDependency section */

/* Begin PBXVariantGroup section */
		43520F8A253056120014D1E9 /* LaunchScreen.storyboard */ = {
			isa = PBXVariantGroup;
			children = (
				43520F8B253056120014D1E9 /* Base */,
			);
			name = LaunchScreen.storyboard;
			sourceTree = "<group>";
		};
		43520FDE253057AA0014D1E9 /* Localizable.strings */ = {
			isa = PBXVariantGroup;
			children = (
				43520FDD253057AA0014D1E9 /* en */,
				43520FF025305B6C0014D1E9 /* cs */,
			);
			name = Localizable.strings;
			sourceTree = "<group>";
		};
/* End PBXVariantGroup section */

/* Begin XCBuildConfiguration section */
		43520FA4253056130014D1E9 /* Debug */ = {
			isa = XCBuildConfiguration;
			buildSettings = {
				ALWAYS_SEARCH_USER_PATHS = NO;
				CLANG_ANALYZER_LOCALIZABILITY_NONLOCALIZED = YES;
				CLANG_ANALYZER_NONNULL = YES;
				CLANG_ANALYZER_NUMBER_OBJECT_CONVERSION = YES_AGGRESSIVE;
				CLANG_CXX_LANGUAGE_STANDARD = "gnu++14";
				CLANG_CXX_LIBRARY = "libc++";
				CLANG_ENABLE_MODULES = YES;
				CLANG_ENABLE_OBJC_ARC = YES;
				CLANG_ENABLE_OBJC_WEAK = YES;
				CLANG_WARN_BLOCK_CAPTURE_AUTORELEASING = YES;
				CLANG_WARN_BOOL_CONVERSION = YES;
				CLANG_WARN_COMMA = YES;
				CLANG_WARN_CONSTANT_CONVERSION = YES;
				CLANG_WARN_DEPRECATED_OBJC_IMPLEMENTATIONS = YES;
				CLANG_WARN_DIRECT_OBJC_ISA_USAGE = YES_ERROR;
				CLANG_WARN_DOCUMENTATION_COMMENTS = YES;
				CLANG_WARN_EMPTY_BODY = YES;
				CLANG_WARN_ENUM_CONVERSION = YES;
				CLANG_WARN_INFINITE_RECURSION = YES;
				CLANG_WARN_INT_CONVERSION = YES;
				CLANG_WARN_NON_LITERAL_NULL_CONVERSION = YES;
				CLANG_WARN_OBJC_IMPLICIT_RETAIN_SELF = YES;
				CLANG_WARN_OBJC_LITERAL_CONVERSION = YES;
				CLANG_WARN_OBJC_ROOT_CLASS = YES_ERROR;
				CLANG_WARN_QUOTED_INCLUDE_IN_FRAMEWORK_HEADER = YES;
				CLANG_WARN_RANGE_LOOP_ANALYSIS = YES;
				CLANG_WARN_STRICT_PROTOTYPES = YES;
				CLANG_WARN_SUSPICIOUS_MOVE = YES;
				CLANG_WARN_UNGUARDED_AVAILABILITY = YES_AGGRESSIVE;
				CLANG_WARN_UNREACHABLE_CODE = YES;
				CLANG_WARN__DUPLICATE_METHOD_MATCH = YES;
				COPY_PHASE_STRIP = NO;
				DEBUG_INFORMATION_FORMAT = dwarf;
				ENABLE_STRICT_OBJC_MSGSEND = YES;
				ENABLE_TESTABILITY = YES;
				GCC_C_LANGUAGE_STANDARD = gnu11;
				GCC_DYNAMIC_NO_PIC = NO;
				GCC_NO_COMMON_BLOCKS = YES;
				GCC_OPTIMIZATION_LEVEL = 0;
				GCC_PREPROCESSOR_DEFINITIONS = (
					"DEBUG=1",
					"$(inherited)",
				);
				GCC_WARN_64_TO_32_BIT_CONVERSION = YES;
				GCC_WARN_ABOUT_RETURN_TYPE = YES_ERROR;
				GCC_WARN_UNDECLARED_SELECTOR = YES;
				GCC_WARN_UNINITIALIZED_AUTOS = YES_AGGRESSIVE;
				GCC_WARN_UNUSED_FUNCTION = YES;
				GCC_WARN_UNUSED_VARIABLE = YES;
				IPHONEOS_DEPLOYMENT_TARGET = 13.0;
				MTL_ENABLE_DEBUG_INFO = INCLUDE_SOURCE;
				MTL_FAST_MATH = YES;
				ONLY_ACTIVE_ARCH = YES;
				SDKROOT = iphoneos;
				SWIFT_ACTIVE_COMPILATION_CONDITIONS = DEBUG;
				SWIFT_OPTIMIZATION_LEVEL = "-Onone";
			};
			name = Debug;
		};
		43520FA5253056130014D1E9 /* Release */ = {
			isa = XCBuildConfiguration;
			buildSettings = {
				ALWAYS_SEARCH_USER_PATHS = NO;
				CLANG_ANALYZER_LOCALIZABILITY_NONLOCALIZED = YES;
				CLANG_ANALYZER_NONNULL = YES;
				CLANG_ANALYZER_NUMBER_OBJECT_CONVERSION = YES_AGGRESSIVE;
				CLANG_CXX_LANGUAGE_STANDARD = "gnu++14";
				CLANG_CXX_LIBRARY = "libc++";
				CLANG_ENABLE_MODULES = YES;
				CLANG_ENABLE_OBJC_ARC = YES;
				CLANG_ENABLE_OBJC_WEAK = YES;
				CLANG_WARN_BLOCK_CAPTURE_AUTORELEASING = YES;
				CLANG_WARN_BOOL_CONVERSION = YES;
				CLANG_WARN_COMMA = YES;
				CLANG_WARN_CONSTANT_CONVERSION = YES;
				CLANG_WARN_DEPRECATED_OBJC_IMPLEMENTATIONS = YES;
				CLANG_WARN_DIRECT_OBJC_ISA_USAGE = YES_ERROR;
				CLANG_WARN_DOCUMENTATION_COMMENTS = YES;
				CLANG_WARN_EMPTY_BODY = YES;
				CLANG_WARN_ENUM_CONVERSION = YES;
				CLANG_WARN_INFINITE_RECURSION = YES;
				CLANG_WARN_INT_CONVERSION = YES;
				CLANG_WARN_NON_LITERAL_NULL_CONVERSION = YES;
				CLANG_WARN_OBJC_IMPLICIT_RETAIN_SELF = YES;
				CLANG_WARN_OBJC_LITERAL_CONVERSION = YES;
				CLANG_WARN_OBJC_ROOT_CLASS = YES_ERROR;
				CLANG_WARN_QUOTED_INCLUDE_IN_FRAMEWORK_HEADER = YES;
				CLANG_WARN_RANGE_LOOP_ANALYSIS = YES;
				CLANG_WARN_STRICT_PROTOTYPES = YES;
				CLANG_WARN_SUSPICIOUS_MOVE = YES;
				CLANG_WARN_UNGUARDED_AVAILABILITY = YES_AGGRESSIVE;
				CLANG_WARN_UNREACHABLE_CODE = YES;
				CLANG_WARN__DUPLICATE_METHOD_MATCH = YES;
				COPY_PHASE_STRIP = NO;
				DEBUG_INFORMATION_FORMAT = "dwarf-with-dsym";
				ENABLE_NS_ASSERTIONS = NO;
				ENABLE_STRICT_OBJC_MSGSEND = YES;
				GCC_C_LANGUAGE_STANDARD = gnu11;
				GCC_NO_COMMON_BLOCKS = YES;
				GCC_WARN_64_TO_32_BIT_CONVERSION = YES;
				GCC_WARN_ABOUT_RETURN_TYPE = YES_ERROR;
				GCC_WARN_UNDECLARED_SELECTOR = YES;
				GCC_WARN_UNINITIALIZED_AUTOS = YES_AGGRESSIVE;
				GCC_WARN_UNUSED_FUNCTION = YES;
				GCC_WARN_UNUSED_VARIABLE = YES;
				IPHONEOS_DEPLOYMENT_TARGET = 13.0;
				MTL_ENABLE_DEBUG_INFO = NO;
				MTL_FAST_MATH = YES;
				SDKROOT = iphoneos;
				SWIFT_COMPILATION_MODE = wholemodule;
				SWIFT_OPTIMIZATION_LEVEL = "-O";
				VALIDATE_PRODUCT = YES;
			};
			name = Release;
		};
		43520FA7253056130014D1E9 /* Debug */ = {
			isa = XCBuildConfiguration;
			baseConfigurationReference = 673D96415BC8C0DE7C484E89 /* Pods-nextap-jelinek.debug.xcconfig */;
			buildSettings = {
				ASSETCATALOG_COMPILER_APPICON_NAME = AppIcon;
				ASSETCATALOG_COMPILER_GLOBAL_ACCENT_COLOR_NAME = AccentColor;
				CODE_SIGN_STYLE = Automatic;
				DEVELOPMENT_TEAM = VXL49B8A2V;
				INFOPLIST_FILE = "nextap-jelinek/Resources/Info.plist";
				LD_RUNPATH_SEARCH_PATHS = (
					"$(inherited)",
					"@executable_path/Frameworks",
				);
				PRODUCT_BUNDLE_IDENTIFIER = "cz.jelinek.nextap.nextap-jelinek";
				PRODUCT_NAME = "$(TARGET_NAME)";
				SWIFT_VERSION = 5.0;
				TARGETED_DEVICE_FAMILY = "1,2";
			};
			name = Debug;
		};
		43520FA8253056130014D1E9 /* Release */ = {
			isa = XCBuildConfiguration;
			baseConfigurationReference = 027DC94509CD8AEBCF5C4B56 /* Pods-nextap-jelinek.release.xcconfig */;
			buildSettings = {
				ASSETCATALOG_COMPILER_APPICON_NAME = AppIcon;
				ASSETCATALOG_COMPILER_GLOBAL_ACCENT_COLOR_NAME = AccentColor;
				CODE_SIGN_STYLE = Automatic;
				DEVELOPMENT_TEAM = VXL49B8A2V;
				INFOPLIST_FILE = "nextap-jelinek/Resources/Info.plist";
				LD_RUNPATH_SEARCH_PATHS = (
					"$(inherited)",
					"@executable_path/Frameworks",
				);
				PRODUCT_BUNDLE_IDENTIFIER = "cz.jelinek.nextap.nextap-jelinek";
				PRODUCT_NAME = "$(TARGET_NAME)";
				SWIFT_VERSION = 5.0;
				TARGETED_DEVICE_FAMILY = "1,2";
			};
			name = Release;
		};
		43520FAA253056130014D1E9 /* Debug */ = {
			isa = XCBuildConfiguration;
			buildSettings = {
				ALWAYS_EMBED_SWIFT_STANDARD_LIBRARIES = YES;
				BUNDLE_LOADER = "$(TEST_HOST)";
				CODE_SIGN_STYLE = Automatic;
				DEVELOPMENT_TEAM = VXL49B8A2V;
				INFOPLIST_FILE = "nextap-jelinekTests/Info.plist";
				IPHONEOS_DEPLOYMENT_TARGET = 14.0;
				LD_RUNPATH_SEARCH_PATHS = (
					"$(inherited)",
					"@executable_path/Frameworks",
					"@loader_path/Frameworks",
				);
				PRODUCT_BUNDLE_IDENTIFIER = "cz.jelinek.nextap.nextap-jelinekTests";
				PRODUCT_NAME = "$(TARGET_NAME)";
				SWIFT_VERSION = 5.0;
				TARGETED_DEVICE_FAMILY = "1,2";
				TEST_HOST = "$(BUILT_PRODUCTS_DIR)/nextap-jelinek.app/nextap-jelinek";
			};
			name = Debug;
		};
		43520FAB253056130014D1E9 /* Release */ = {
			isa = XCBuildConfiguration;
			buildSettings = {
				ALWAYS_EMBED_SWIFT_STANDARD_LIBRARIES = YES;
				BUNDLE_LOADER = "$(TEST_HOST)";
				CODE_SIGN_STYLE = Automatic;
				DEVELOPMENT_TEAM = VXL49B8A2V;
				INFOPLIST_FILE = "nextap-jelinekTests/Info.plist";
				IPHONEOS_DEPLOYMENT_TARGET = 14.0;
				LD_RUNPATH_SEARCH_PATHS = (
					"$(inherited)",
					"@executable_path/Frameworks",
					"@loader_path/Frameworks",
				);
				PRODUCT_BUNDLE_IDENTIFIER = "cz.jelinek.nextap.nextap-jelinekTests";
				PRODUCT_NAME = "$(TARGET_NAME)";
				SWIFT_VERSION = 5.0;
				TARGETED_DEVICE_FAMILY = "1,2";
				TEST_HOST = "$(BUILT_PRODUCTS_DIR)/nextap-jelinek.app/nextap-jelinek";
			};
			name = Release;
		};
		43520FAD253056130014D1E9 /* Debug */ = {
			isa = XCBuildConfiguration;
			buildSettings = {
				ALWAYS_EMBED_SWIFT_STANDARD_LIBRARIES = YES;
				CODE_SIGN_STYLE = Automatic;
				DEVELOPMENT_TEAM = VXL49B8A2V;
				INFOPLIST_FILE = "nextap-jelinekUITests/Info.plist";
				LD_RUNPATH_SEARCH_PATHS = (
					"$(inherited)",
					"@executable_path/Frameworks",
					"@loader_path/Frameworks",
				);
				PRODUCT_BUNDLE_IDENTIFIER = "cz.jelinek.nextap.nextap-jelinekUITests";
				PRODUCT_NAME = "$(TARGET_NAME)";
				SWIFT_VERSION = 5.0;
				TARGETED_DEVICE_FAMILY = "1,2";
				TEST_TARGET_NAME = "nextap-jelinek";
			};
			name = Debug;
		};
		43520FAE253056130014D1E9 /* Release */ = {
			isa = XCBuildConfiguration;
			buildSettings = {
				ALWAYS_EMBED_SWIFT_STANDARD_LIBRARIES = YES;
				CODE_SIGN_STYLE = Automatic;
				DEVELOPMENT_TEAM = VXL49B8A2V;
				INFOPLIST_FILE = "nextap-jelinekUITests/Info.plist";
				LD_RUNPATH_SEARCH_PATHS = (
					"$(inherited)",
					"@executable_path/Frameworks",
					"@loader_path/Frameworks",
				);
				PRODUCT_BUNDLE_IDENTIFIER = "cz.jelinek.nextap.nextap-jelinekUITests";
				PRODUCT_NAME = "$(TARGET_NAME)";
				SWIFT_VERSION = 5.0;
				TARGETED_DEVICE_FAMILY = "1,2";
				TEST_TARGET_NAME = "nextap-jelinek";
			};
			name = Release;
		};
/* End XCBuildConfiguration section */

/* Begin XCConfigurationList section */
		43520F77253056110014D1E9 /* Build configuration list for PBXProject "nextap-jelinek" */ = {
			isa = XCConfigurationList;
			buildConfigurations = (
				43520FA4253056130014D1E9 /* Debug */,
				43520FA5253056130014D1E9 /* Release */,
			);
			defaultConfigurationIsVisible = 0;
			defaultConfigurationName = Release;
		};
		43520FA6253056130014D1E9 /* Build configuration list for PBXNativeTarget "nextap-jelinek" */ = {
			isa = XCConfigurationList;
			buildConfigurations = (
				43520FA7253056130014D1E9 /* Debug */,
				43520FA8253056130014D1E9 /* Release */,
			);
			defaultConfigurationIsVisible = 0;
			defaultConfigurationName = Release;
		};
		43520FA9253056130014D1E9 /* Build configuration list for PBXNativeTarget "nextap-jelinekTests" */ = {
			isa = XCConfigurationList;
			buildConfigurations = (
				43520FAA253056130014D1E9 /* Debug */,
				43520FAB253056130014D1E9 /* Release */,
			);
			defaultConfigurationIsVisible = 0;
			defaultConfigurationName = Release;
		};
		43520FAC253056130014D1E9 /* Build configuration list for PBXNativeTarget "nextap-jelinekUITests" */ = {
			isa = XCConfigurationList;
			buildConfigurations = (
				43520FAD253056130014D1E9 /* Debug */,
				43520FAE253056130014D1E9 /* Release */,
			);
			defaultConfigurationIsVisible = 0;
			defaultConfigurationName = Release;
		};
/* End XCConfigurationList section */
	};
	rootObject = 43520F74253056110014D1E9 /* Project object */;
}
